
Microsoft Visual Studio Solution File, Format Version 12.00
# Visual Studio 15
VisualStudioVersion = 15.0.27703.2035
MinimumVisualStudioVersion = 10.0.40219.1
Project("{FAE04EC0-301F-11D3-BF4B-00C04F79EFBC}") = "screamingpuffin_website", "screamingpuffin_website\screamingpuffin_website.csproj", "{6E4168CF-3FC6-47A4-93A1-A5CF6E82B130}"
EndProject
Global
	GlobalSection(SolutionConfigurationPlatforms) = preSolution
		Debug|Any CPU = Debug|Any CPU
		Release|Any CPU = Release|Any CPU
	EndGlobalSection
	GlobalSection(ProjectConfigurationPlatforms) = postSolution
		{6E4168CF-3FC6-47A4-93A1-A5CF6E82B130}.Debug|Any CPU.ActiveCfg = Debug|Any CPU
		{6E4168CF-3FC6-47A4-93A1-A5CF6E82B130}.Debug|Any CPU.Build.0 = Debug|Any CPU
		{6E4168CF-3FC6-47A4-93A1-A5CF6E82B130}.Release|Any CPU.ActiveCfg = Release|Any CPU
		{6E4168CF-3FC6-47A4-93A1-A5CF6E82B130}.Release|Any CPU.Build.0 = Release|Any CPU
	EndGlobalSection
	GlobalSection(SolutionProperties) = preSolution
		HideSolutionNode = FALSE
	EndGlobalSection
	GlobalSection(ExtensibilityGlobals) = postSolution
		SolutionGuid = {D8EBCA9B-A258-44CE-93CE-B02A7CF373A4}
	EndGlobalSection
EndGlobal
